// !$*UTF8*$!
{
	archiveVersion = 1;
	classes = {
	};
	objectVersion = 46;
	objects = {

/* Begin PBXBuildFile section */
		436107B860A51020AFAEE9BC /* libPods-OC-DemoTests.a in Frameworks */ = {isa = PBXBuildFile; fileRef = E7FB48111F3D72416383A815 /* libPods-OC-DemoTests.a */; };
		A4CCE9F91DBE358000455AB3 /* main.m in Sources */ = {isa = PBXBuildFile; fileRef = A4CCE9F81DBE358000455AB3 /* main.m */; };
		A4CCE9FC1DBE358000455AB3 /* AppDelegate.m in Sources */ = {isa = PBXBuildFile; fileRef = A4CCE9FB1DBE358000455AB3 /* AppDelegate.m */; };
		A4CCE9FF1DBE358000455AB3 /* ViewController.m in Sources */ = {isa = PBXBuildFile; fileRef = A4CCE9FE1DBE358000455AB3 /* ViewController.m */; };
		A4CCEA021DBE358000455AB3 /* Main.storyboard in Resources */ = {isa = PBXBuildFile; fileRef = A4CCEA001DBE358000455AB3 /* Main.storyboard */; };
		A4CCEA041DBE358000455AB3 /* Assets.xcassets in Resources */ = {isa = PBXBuildFile; fileRef = A4CCEA031DBE358000455AB3 /* Assets.xcassets */; };
		A4CCEA071DBE358000455AB3 /* LaunchScreen.storyboard in Resources */ = {isa = PBXBuildFile; fileRef = A4CCEA051DBE358000455AB3 /* LaunchScreen.storyboard */; };
		A4CCEA121DBE358000455AB3 /* OC_DemoTests.m in Sources */ = {isa = PBXBuildFile; fileRef = A4CCEA111DBE358000455AB3 /* OC_DemoTests.m */; };
		A4CCEA1D1DBE358000455AB3 /* OC_DemoUITests.m in Sources */ = {isa = PBXBuildFile; fileRef = A4CCEA1C1DBE358000455AB3 /* OC_DemoUITests.m */; };
		E8EF31BBE7AA95749CFA3029 /* libPods-OC-Demo.a in Frameworks */ = {isa = PBXBuildFile; fileRef = D3B99DF0AB1B6EDFDFA95C26 /* libPods-OC-Demo.a */; };
		FB9B1160DB357FE4CA620CBB /* libPods-OC-DemoUITests.a in Frameworks */ = {isa = PBXBuildFile; fileRef = 813009F3EDD1C57E9E796FC1 /* libPods-OC-DemoUITests.a */; };
/* End PBXBuildFile section */

/* Begin PBXContainerItemProxy section */
		A4CCEA0E1DBE358000455AB3 /* PBXContainerItemProxy */ = {
			isa = PBXContainerItemProxy;
			containerPortal = A4CCE9EC1DBE358000455AB3 /* Project object */;
			proxyType = 1;
			remoteGlobalIDString = A4CCE9F31DBE358000455AB3;
			remoteInfo = "OC-Demo";
		};
		A4CCEA191DBE358000455AB3 /* PBXContainerItemProxy */ = {
			isa = PBXContainerItemProxy;
			containerPortal = A4CCE9EC1DBE358000455AB3 /* Project object */;
			proxyType = 1;
			remoteGlobalIDString = A4CCE9F31DBE358000455AB3;
			remoteInfo = "OC-Demo";
		};
/* End PBXContainerItemProxy section */

/* Begin PBXFileReference section */
		3DBE70F89BAF503D5E689AEA /* Pods-OC-DemoTests.release.xcconfig */ = {isa = PBXFileReference; includeInIndex = 1; lastKnownFileType = text.xcconfig; name = "Pods-OC-DemoTests.release.xcconfig"; path = "Pods/Target Support Files/Pods-OC-DemoTests/Pods-OC-DemoTests.release.xcconfig"; sourceTree = "<group>"; };
		813009F3EDD1C57E9E796FC1 /* libPods-OC-DemoUITests.a */ = {isa = PBXFileReference; explicitFileType = archive.ar; includeInIndex = 0; path = "libPods-OC-DemoUITests.a"; sourceTree = BUILT_PRODUCTS_DIR; };
		88FB97E89000A9893F076F19 /* Pods-OC-DemoTests.debug.xcconfig */ = {isa = PBXFileReference; includeInIndex = 1; lastKnownFileType = text.xcconfig; name = "Pods-OC-DemoTests.debug.xcconfig"; path = "Pods/Target Support Files/Pods-OC-DemoTests/Pods-OC-DemoTests.debug.xcconfig"; sourceTree = "<group>"; };
		A4CCE9F41DBE358000455AB3 /* OC-Demo.app */ = {isa = PBXFileReference; explicitFileType = wrapper.application; includeInIndex = 0; path = "OC-Demo.app"; sourceTree = BUILT_PRODUCTS_DIR; };
		A4CCE9F81DBE358000455AB3 /* main.m */ = {isa = PBXFileReference; lastKnownFileType = sourcecode.c.objc; path = main.m; sourceTree = "<group>"; };
		A4CCE9FA1DBE358000455AB3 /* AppDelegate.h */ = {isa = PBXFileReference; lastKnownFileType = sourcecode.c.h; path = AppDelegate.h; sourceTree = "<group>"; };
		A4CCE9FB1DBE358000455AB3 /* AppDelegate.m */ = {isa = PBXFileReference; lastKnownFileType = sourcecode.c.objc; path = AppDelegate.m; sourceTree = "<group>"; };
		A4CCE9FD1DBE358000455AB3 /* ViewController.h */ = {isa = PBXFileReference; lastKnownFileType = sourcecode.c.h; path = ViewController.h; sourceTree = "<group>"; };
		A4CCE9FE1DBE358000455AB3 /* ViewController.m */ = {isa = PBXFileReference; lastKnownFileType = sourcecode.c.objc; path = ViewController.m; sourceTree = "<group>"; };
		A4CCEA011DBE358000455AB3 /* Base */ = {isa = PBXFileReference; lastKnownFileType = file.storyboard; name = Base; path = Base.lproj/Main.storyboard; sourceTree = "<group>"; };
		A4CCEA031DBE358000455AB3 /* Assets.xcassets */ = {isa = PBXFileReference; lastKnownFileType = folder.assetcatalog; path = Assets.xcassets; sourceTree = "<group>"; };
		A4CCEA061DBE358000455AB3 /* Base */ = {isa = PBXFileReference; lastKnownFileType = file.storyboard; name = Base; path = Base.lproj/LaunchScreen.storyboard; sourceTree = "<group>"; };
		A4CCEA081DBE358000455AB3 /* Info.plist */ = {isa = PBXFileReference; lastKnownFileType = text.plist.xml; path = Info.plist; sourceTree = "<group>"; };
		A4CCEA0D1DBE358000455AB3 /* OC-DemoTests.xctest */ = {isa = PBXFileReference; explicitFileType = wrapper.cfbundle; includeInIndex = 0; path = "OC-DemoTests.xctest"; sourceTree = BUILT_PRODUCTS_DIR; };
		A4CCEA111DBE358000455AB3 /* OC_DemoTests.m */ = {isa = PBXFileReference; lastKnownFileType = sourcecode.c.objc; path = OC_DemoTests.m; sourceTree = "<group>"; };
		A4CCEA131DBE358000455AB3 /* Info.plist */ = {isa = PBXFileReference; lastKnownFileType = text.plist.xml; path = Info.plist; sourceTree = "<group>"; };
		A4CCEA181DBE358000455AB3 /* OC-DemoUITests.xctest */ = {isa = PBXFileReference; explicitFileType = wrapper.cfbundle; includeInIndex = 0; path = "OC-DemoUITests.xctest"; sourceTree = BUILT_PRODUCTS_DIR; };
		A4CCEA1C1DBE358000455AB3 /* OC_DemoUITests.m */ = {isa = PBXFileReference; lastKnownFileType = sourcecode.c.objc; path = OC_DemoUITests.m; sourceTree = "<group>"; };
		A4CCEA1E1DBE358000455AB3 /* Info.plist */ = {isa = PBXFileReference; lastKnownFileType = text.plist.xml; path = Info.plist; sourceTree = "<group>"; };
		B3FF965719BDF30F4531DBDD /* Pods-OC-DemoUITests.debug.xcconfig */ = {isa = PBXFileReference; includeInIndex = 1; lastKnownFileType = text.xcconfig; name = "Pods-OC-DemoUITests.debug.xcconfig"; path = "Pods/Target Support Files/Pods-OC-DemoUITests/Pods-OC-DemoUITests.debug.xcconfig"; sourceTree = "<group>"; };
		BB2BCE955344F83BB819ED34 /* Pods-OC-Demo.release.xcconfig */ = {isa = PBXFileReference; includeInIndex = 1; lastKnownFileType = text.xcconfig; name = "Pods-OC-Demo.release.xcconfig"; path = "Pods/Target Support Files/Pods-OC-Demo/Pods-OC-Demo.release.xcconfig"; sourceTree = "<group>"; };
		CE6D677555BFB51ACC5D1287 /* Pods-OC-DemoUITests.release.xcconfig */ = {isa = PBXFileReference; includeInIndex = 1; lastKnownFileType = text.xcconfig; name = "Pods-OC-DemoUITests.release.xcconfig"; path = "Pods/Target Support Files/Pods-OC-DemoUITests/Pods-OC-DemoUITests.release.xcconfig"; sourceTree = "<group>"; };
		D3B99DF0AB1B6EDFDFA95C26 /* libPods-OC-Demo.a */ = {isa = PBXFileReference; explicitFileType = archive.ar; includeInIndex = 0; path = "libPods-OC-Demo.a"; sourceTree = BUILT_PRODUCTS_DIR; };
		E7FB48111F3D72416383A815 /* libPods-OC-DemoTests.a */ = {isa = PBXFileReference; explicitFileType = archive.ar; includeInIndex = 0; path = "libPods-OC-DemoTests.a"; sourceTree = BUILT_PRODUCTS_DIR; };
		F66A6144FA0E2442D12FD5EF /* Pods-OC-Demo.debug.xcconfig */ = {isa = PBXFileReference; includeInIndex = 1; lastKnownFileType = text.xcconfig; name = "Pods-OC-Demo.debug.xcconfig"; path = "Pods/Target Support Files/Pods-OC-Demo/Pods-OC-Demo.debug.xcconfig"; sourceTree = "<group>"; };
/* End PBXFileReference section */

/* Begin PBXFrameworksBuildPhase section */
		A4CCE9F11DBE358000455AB3 /* Frameworks */ = {
			isa = PBXFrameworksBuildPhase;
			buildActionMask = 2147483647;
			files = (
				E8EF31BBE7AA95749CFA3029 /* libPods-OC-Demo.a in Frameworks */,
			);
			runOnlyForDeploymentPostprocessing = 0;
		};
		A4CCEA0A1DBE358000455AB3 /* Frameworks */ = {
			isa = PBXFrameworksBuildPhase;
			buildActionMask = 2147483647;
			files = (
				436107B860A51020AFAEE9BC /* libPods-OC-DemoTests.a in Frameworks */,
			);
			runOnlyForDeploymentPostprocessing = 0;
		};
		A4CCEA151DBE358000455AB3 /* Frameworks */ = {
			isa = PBXFrameworksBuildPhase;
			buildActionMask = 2147483647;
			files = (
				FB9B1160DB357FE4CA620CBB /* libPods-OC-DemoUITests.a in Frameworks */,
			);
			runOnlyForDeploymentPostprocessing = 0;
		};
/* End PBXFrameworksBuildPhase section */

/* Begin PBXGroup section */
		A4CCE9EB1DBE358000455AB3 = {
			isa = PBXGroup;
			children = (
				A4CCE9F61DBE358000455AB3 /* OC-Demo */,
				A4CCEA101DBE358000455AB3 /* OC-DemoTests */,
				A4CCEA1B1DBE358000455AB3 /* OC-DemoUITests */,
				A4CCE9F51DBE358000455AB3 /* Products */,
				EA3FA11D58BCD923358AD935 /* Pods */,
				FECBCE19A8BD8EE5C91210E4 /* Frameworks */,
			);
			sourceTree = "<group>";
		};
		A4CCE9F51DBE358000455AB3 /* Products */ = {
			isa = PBXGroup;
			children = (
				A4CCE9F41DBE358000455AB3 /* OC-Demo.app */,
				A4CCEA0D1DBE358000455AB3 /* OC-DemoTests.xctest */,
				A4CCEA181DBE358000455AB3 /* OC-DemoUITests.xctest */,
			);
			name = Products;
			sourceTree = "<group>";
		};
		A4CCE9F61DBE358000455AB3 /* OC-Demo */ = {
			isa = PBXGroup;
			children = (
				A4CCE9FA1DBE358000455AB3 /* AppDelegate.h */,
				A4CCE9FB1DBE358000455AB3 /* AppDelegate.m */,
				A4CCE9FD1DBE358000455AB3 /* ViewController.h */,
				A4CCE9FE1DBE358000455AB3 /* ViewController.m */,
				A4CCEA001DBE358000455AB3 /* Main.storyboard */,
				A4CCEA031DBE358000455AB3 /* Assets.xcassets */,
				A4CCEA051DBE358000455AB3 /* LaunchScreen.storyboard */,
				A4CCEA081DBE358000455AB3 /* Info.plist */,
				A4CCE9F71DBE358000455AB3 /* Supporting Files */,
			);
			path = "OC-Demo";
			sourceTree = "<group>";
		};
		A4CCE9F71DBE358000455AB3 /* Supporting Files */ = {
			isa = PBXGroup;
			children = (
				A4CCE9F81DBE358000455AB3 /* main.m */,
			);
			name = "Supporting Files";
			sourceTree = "<group>";
		};
		A4CCEA101DBE358000455AB3 /* OC-DemoTests */ = {
			isa = PBXGroup;
			children = (
				A4CCEA111DBE358000455AB3 /* OC_DemoTests.m */,
				A4CCEA131DBE358000455AB3 /* Info.plist */,
			);
			path = "OC-DemoTests";
			sourceTree = "<group>";
		};
		A4CCEA1B1DBE358000455AB3 /* OC-DemoUITests */ = {
			isa = PBXGroup;
			children = (
				A4CCEA1C1DBE358000455AB3 /* OC_DemoUITests.m */,
				A4CCEA1E1DBE358000455AB3 /* Info.plist */,
			);
			path = "OC-DemoUITests";
			sourceTree = "<group>";
		};
		EA3FA11D58BCD923358AD935 /* Pods */ = {
			isa = PBXGroup;
			children = (
				F66A6144FA0E2442D12FD5EF /* Pods-OC-Demo.debug.xcconfig */,
				BB2BCE955344F83BB819ED34 /* Pods-OC-Demo.release.xcconfig */,
				88FB97E89000A9893F076F19 /* Pods-OC-DemoTests.debug.xcconfig */,
				3DBE70F89BAF503D5E689AEA /* Pods-OC-DemoTests.release.xcconfig */,
				B3FF965719BDF30F4531DBDD /* Pods-OC-DemoUITests.debug.xcconfig */,
				CE6D677555BFB51ACC5D1287 /* Pods-OC-DemoUITests.release.xcconfig */,
			);
			name = Pods;
			sourceTree = "<group>";
		};
		FECBCE19A8BD8EE5C91210E4 /* Frameworks */ = {
			isa = PBXGroup;
			children = (
				D3B99DF0AB1B6EDFDFA95C26 /* libPods-OC-Demo.a */,
				E7FB48111F3D72416383A815 /* libPods-OC-DemoTests.a */,
				813009F3EDD1C57E9E796FC1 /* libPods-OC-DemoUITests.a */,
			);
			name = Frameworks;
			sourceTree = "<group>";
		};
/* End PBXGroup section */

/* Begin PBXNativeTarget section */
		A4CCE9F31DBE358000455AB3 /* OC-Demo */ = {
			isa = PBXNativeTarget;
			buildConfigurationList = A4CCEA211DBE358000455AB3 /* Build configuration list for PBXNativeTarget "OC-Demo" */;
			buildPhases = (
				BE839A6A26C8528DBCA54272 /* [CP] Check Pods Manifest.lock */,
				A4CCE9F01DBE358000455AB3 /* Sources */,
				A4CCE9F11DBE358000455AB3 /* Frameworks */,
				A4CCE9F21DBE358000455AB3 /* Resources */,
				9C26AADDCA0BAB03CDB17D67 /* [CP] Embed Pods Frameworks */,
				0AB740BFEDC37ED209B9F96C /* [CP] Copy Pods Resources */,
			);
			buildRules = (
			);
			dependencies = (
			);
			name = "OC-Demo";
			productName = "OC-Demo";
			productReference = A4CCE9F41DBE358000455AB3 /* OC-Demo.app */;
			productType = "com.apple.product-type.application";
		};
		A4CCEA0C1DBE358000455AB3 /* OC-DemoTests */ = {
			isa = PBXNativeTarget;
			buildConfigurationList = A4CCEA241DBE358000455AB3 /* Build configuration list for PBXNativeTarget "OC-DemoTests" */;
			buildPhases = (
				93ADF3B530C499EB4671FAE0 /* [CP] Check Pods Manifest.lock */,
				A4CCEA091DBE358000455AB3 /* Sources */,
				A4CCEA0A1DBE358000455AB3 /* Frameworks */,
				A4CCEA0B1DBE358000455AB3 /* Resources */,
				43FFA1C1D1FE1A11614408B8 /* [CP] Embed Pods Frameworks */,
				925DC962760CCD5149BD1E18 /* [CP] Copy Pods Resources */,
			);
			buildRules = (
			);
			dependencies = (
				A4CCEA0F1DBE358000455AB3 /* PBXTargetDependency */,
			);
			name = "OC-DemoTests";
			productName = "OC-DemoTests";
			productReference = A4CCEA0D1DBE358000455AB3 /* OC-DemoTests.xctest */;
			productType = "com.apple.product-type.bundle.unit-test";
		};
		A4CCEA171DBE358000455AB3 /* OC-DemoUITests */ = {
			isa = PBXNativeTarget;
			buildConfigurationList = A4CCEA271DBE358000455AB3 /* Build configuration list for PBXNativeTarget "OC-DemoUITests" */;
			buildPhases = (
				E880DA85ED08EFC7D3019029 /* [CP] Check Pods Manifest.lock */,
				A4CCEA141DBE358000455AB3 /* Sources */,
				A4CCEA151DBE358000455AB3 /* Frameworks */,
				A4CCEA161DBE358000455AB3 /* Resources */,
				6F0005DDE59BD24E4AE33885 /* [CP] Embed Pods Frameworks */,
				EC35B6933A598FF7CBFFA2EA /* [CP] Copy Pods Resources */,
			);
			buildRules = (
			);
			dependencies = (
				A4CCEA1A1DBE358000455AB3 /* PBXTargetDependency */,
			);
			name = "OC-DemoUITests";
			productName = "OC-DemoUITests";
			productReference = A4CCEA181DBE358000455AB3 /* OC-DemoUITests.xctest */;
			productType = "com.apple.product-type.bundle.ui-testing";
		};
/* End PBXNativeTarget section */

/* Begin PBXProject section */
		A4CCE9EC1DBE358000455AB3 /* Project object */ = {
			isa = PBXProject;
			attributes = {
				LastUpgradeCheck = 0800;
				ORGANIZATIONNAME = Sun;
				TargetAttributes = {
					A4CCE9F31DBE358000455AB3 = {
						CreatedOnToolsVersion = 8.0;
						DevelopmentTeam = VL34PGJVJV;
						ProvisioningStyle = Automatic;
					};
					A4CCEA0C1DBE358000455AB3 = {
						CreatedOnToolsVersion = 8.0;
						DevelopmentTeam = VL34PGJVJV;
						ProvisioningStyle = Automatic;
						TestTargetID = A4CCE9F31DBE358000455AB3;
					};
					A4CCEA171DBE358000455AB3 = {
						CreatedOnToolsVersion = 8.0;
						DevelopmentTeam = VL34PGJVJV;
						ProvisioningStyle = Automatic;
						TestTargetID = A4CCE9F31DBE358000455AB3;
					};
				};
			};
			buildConfigurationList = A4CCE9EF1DBE358000455AB3 /* Build configuration list for PBXProject "OC-Demo" */;
			compatibilityVersion = "Xcode 3.2";
			developmentRegion = English;
			hasScannedForEncodings = 0;
			knownRegions = (
				en,
				Base,
			);
			mainGroup = A4CCE9EB1DBE358000455AB3;
			productRefGroup = A4CCE9F51DBE358000455AB3 /* Products */;
			projectDirPath = "";
			projectRoot = "";
			targets = (
				A4CCE9F31DBE358000455AB3 /* OC-Demo */,
				A4CCEA0C1DBE358000455AB3 /* OC-DemoTests */,
				A4CCEA171DBE358000455AB3 /* OC-DemoUITests */,
			);
		};
/* End PBXProject section */

/* Begin PBXResourcesBuildPhase section */
		A4CCE9F21DBE358000455AB3 /* Resources */ = {
			isa = PBXResourcesBuildPhase;
			buildActionMask = 2147483647;
			files = (
				A4CCEA071DBE358000455AB3 /* LaunchScreen.storyboard in Resources */,
				A4CCEA041DBE358000455AB3 /* Assets.xcassets in Resources */,
				A4CCEA021DBE358000455AB3 /* Main.storyboard in Resources */,
			);
			runOnlyForDeploymentPostprocessing = 0;
		};
		A4CCEA0B1DBE358000455AB3 /* Resources */ = {
			isa = PBXResourcesBuildPhase;
			buildActionMask = 2147483647;
			files = (
			);
			runOnlyForDeploymentPostprocessing = 0;
		};
		A4CCEA161DBE358000455AB3 /* Resources */ = {
			isa = PBXResourcesBuildPhase;
			buildActionMask = 2147483647;
			files = (
			);
			runOnlyForDeploymentPostprocessing = 0;
		};
/* End PBXResourcesBuildPhase section */

/* Begin PBXShellScriptBuildPhase section */
		0AB740BFEDC37ED209B9F96C /* [CP] Copy Pods Resources */ = {
			isa = PBXShellScriptBuildPhase;
			buildActionMask = 2147483647;
			files = (
			);
			inputPaths = (
			);
			name = "[CP] Copy Pods Resources";
			outputPaths = (
			);
			runOnlyForDeploymentPostprocessing = 0;
			shellPath = /bin/sh;
			shellScript = "\"${SRCROOT}/Pods/Target Support Files/Pods-OC-Demo/Pods-OC-Demo-resources.sh\"\n";
			showEnvVarsInLog = 0;
		};
		43FFA1C1D1FE1A11614408B8 /* [CP] Embed Pods Frameworks */ = {
			isa = PBXShellScriptBuildPhase;
			buildActionMask = 2147483647;
			files = (
			);
			inputPaths = (
			);
			name = "[CP] Embed Pods Frameworks";
			outputPaths = (
			);
			runOnlyForDeploymentPostprocessing = 0;
			shellPath = /bin/sh;
			shellScript = "\"${SRCROOT}/Pods/Target Support Files/Pods-OC-DemoTests/Pods-OC-DemoTests-frameworks.sh\"\n";
			showEnvVarsInLog = 0;
		};
		6F0005DDE59BD24E4AE33885 /* [CP] Embed Pods Frameworks */ = {
			isa = PBXShellScriptBuildPhase;
			buildActionMask = 2147483647;
			files = (
			);
			inputPaths = (
			);
			name = "[CP] Embed Pods Frameworks";
			outputPaths = (
			);
			runOnlyForDeploymentPostprocessing = 0;
			shellPath = /bin/sh;
			shellScript = "\"${SRCROOT}/Pods/Target Support Files/Pods-OC-DemoUITests/Pods-OC-DemoUITests-frameworks.sh\"\n";
			showEnvVarsInLog = 0;
		};
		925DC962760CCD5149BD1E18 /* [CP] Copy Pods Resources */ = {
			isa = PBXShellScriptBuildPhase;
			buildActionMask = 2147483647;
			files = (
			);
			inputPaths = (
			);
			name = "[CP] Copy Pods Resources";
			outputPaths = (
			);
			runOnlyForDeploymentPostprocessing = 0;
			shellPath = /bin/sh;
			shellScript = "\"${SRCROOT}/Pods/Target Support Files/Pods-OC-DemoTests/Pods-OC-DemoTests-resources.sh\"\n";
			showEnvVarsInLog = 0;
		};
		93ADF3B530C499EB4671FAE0 /* [CP] Check Pods Manifest.lock */ = {
			isa = PBXShellScriptBuildPhase;
			buildActionMask = 2147483647;
			files = (
			);
			inputPaths = (
			);
			name = "[CP] Check Pods Manifest.lock";
			outputPaths = (
			);
			runOnlyForDeploymentPostprocessing = 0;
			shellPath = /bin/sh;
			shellScript = "diff \"${PODS_ROOT}/../Podfile.lock\" \"${PODS_ROOT}/Manifest.lock\" > /dev/null\nif [ $? != 0 ] ; then\n    # print error to STDERR\n    echo \"error: The sandbox is not in sync with the Podfile.lock. Run 'pod install' or update your CocoaPods installation.\" >&2\n    exit 1\nfi\n";
			showEnvVarsInLog = 0;
		};
		9C26AADDCA0BAB03CDB17D67 /* [CP] Embed Pods Frameworks */ = {
			isa = PBXShellScriptBuildPhase;
			buildActionMask = 2147483647;
			files = (
			);
			inputPaths = (
			);
			name = "[CP] Embed Pods Frameworks";
			outputPaths = (
			);
			runOnlyForDeploymentPostprocessing = 0;
			shellPath = /bin/sh;
			shellScript = "\"${SRCROOT}/Pods/Target Support Files/Pods-OC-Demo/Pods-OC-Demo-frameworks.sh\"\n";
			showEnvVarsInLog = 0;
		};
		BE839A6A26C8528DBCA54272 /* [CP] Check Pods Manifest.lock */ = {
			isa = PBXShellScriptBuildPhase;
			buildActionMask = 2147483647;
			files = (
			);
			inputPaths = (
			);
			name = "[CP] Check Pods Manifest.lock";
			outputPaths = (
			);
			runOnlyForDeploymentPostprocessing = 0;
			shellPath = /bin/sh;
			shellScript = "diff \"${PODS_ROOT}/../Podfile.lock\" \"${PODS_ROOT}/Manifest.lock\" > /dev/null\nif [ $? != 0 ] ; then\n    # print error to STDERR\n    echo \"error: The sandbox is not in sync with the Podfile.lock. Run 'pod install' or update your CocoaPods installation.\" >&2\n    exit 1\nfi\n";
			showEnvVarsInLog = 0;
		};
		E880DA85ED08EFC7D3019029 /* [CP] Check Pods Manifest.lock */ = {
			isa = PBXShellScriptBuildPhase;
			buildActionMask = 2147483647;
			files = (
			);
			inputPaths = (
			);
			name = "[CP] Check Pods Manifest.lock";
			outputPaths = (
			);
			runOnlyForDeploymentPostprocessing = 0;
			shellPath = /bin/sh;
			shellScript = "diff \"${PODS_ROOT}/../Podfile.lock\" \"${PODS_ROOT}/Manifest.lock\" > /dev/null\nif [ $? != 0 ] ; then\n    # print error to STDERR\n    echo \"error: The sandbox is not in sync with the Podfile.lock. Run 'pod install' or update your CocoaPods installation.\" >&2\n    exit 1\nfi\n";
			showEnvVarsInLog = 0;
		};
		EC35B6933A598FF7CBFFA2EA /* [CP] Copy Pods Resources */ = {
			isa = PBXShellScriptBuildPhase;
			buildActionMask = 2147483647;
			files = (
			);
			inputPaths = (
			);
			name = "[CP] Copy Pods Resources";
			outputPaths = (
			);
			runOnlyForDeploymentPostprocessing = 0;
			shellPath = /bin/sh;
			shellScript = "\"${SRCROOT}/Pods/Target Support Files/Pods-OC-DemoUITests/Pods-OC-DemoUITests-resources.sh\"\n";
			showEnvVarsInLog = 0;
		};
/* End PBXShellScriptBuildPhase section */

/* Begin PBXSourcesBuildPhase section */
		A4CCE9F01DBE358000455AB3 /* Sources */ = {
			isa = PBXSourcesBuildPhase;
			buildActionMask = 2147483647;
			files = (
				A4CCE9FF1DBE358000455AB3 /* ViewController.m in Sources */,
				A4CCE9FC1DBE358000455AB3 /* AppDelegate.m in Sources */,
				A4CCE9F91DBE358000455AB3 /* main.m in Sources */,
			);
			runOnlyForDeploymentPostprocessing = 0;
		};
		A4CCEA091DBE358000455AB3 /* Sources */ = {
			isa = PBXSourcesBuildPhase;
			buildActionMask = 2147483647;
			files = (
				A4CCEA121DBE358000455AB3 /* OC_DemoTests.m in Sources */,
			);
			runOnlyForDeploymentPostprocessing = 0;
		};
		A4CCEA141DBE358000455AB3 /* Sources */ = {
			isa = PBXSourcesBuildPhase;
			buildActionMask = 2147483647;
			files = (
				A4CCEA1D1DBE358000455AB3 /* OC_DemoUITests.m in Sources */,
			);
			runOnlyForDeploymentPostprocessing = 0;
		};
/* End PBXSourcesBuildPhase section */

/* Begin PBXTargetDependency section */
		A4CCEA0F1DBE358000455AB3 /* PBXTargetDependency */ = {
			isa = PBXTargetDependency;
			target = A4CCE9F31DBE358000455AB3 /* OC-Demo */;
			targetProxy = A4CCEA0E1DBE358000455AB3 /* PBXContainerItemProxy */;
		};
		A4CCEA1A1DBE358000455AB3 /* PBXTargetDependency */ = {
			isa = PBXTargetDependency;
			target = A4CCE9F31DBE358000455AB3 /* OC-Demo */;
			targetProxy = A4CCEA191DBE358000455AB3 /* PBXContainerItemProxy */;
		};
/* End PBXTargetDependency section */

/* Begin PBXVariantGroup section */
		A4CCEA001DBE358000455AB3 /* Main.storyboard */ = {
			isa = PBXVariantGroup;
			children = (
				A4CCEA011DBE358000455AB3 /* Base */,
			);
			name = Main.storyboard;
			sourceTree = "<group>";
		};
		A4CCEA051DBE358000455AB3 /* LaunchScreen.storyboard */ = {
			isa = PBXVariantGroup;
			children = (
				A4CCEA061DBE358000455AB3 /* Base */,
			);
			name = LaunchScreen.storyboard;
			sourceTree = "<group>";
		};
/* End PBXVariantGroup section */

/* Begin XCBuildConfiguration section */
		A4CCEA1F1DBE358000455AB3 /* Debug */ = {
			isa = XCBuildConfiguration;
			buildSettings = {
				ALWAYS_SEARCH_USER_PATHS = NO;
				CLANG_ANALYZER_NONNULL = YES;
				CLANG_CXX_LANGUAGE_STANDARD = "gnu++0x";
				CLANG_CXX_LIBRARY = "libc++";
				CLANG_ENABLE_MODULES = YES;
				CLANG_ENABLE_OBJC_ARC = YES;
				CLANG_WARN_BOOL_CONVERSION = YES;
				CLANG_WARN_CONSTANT_CONVERSION = YES;
				CLANG_WARN_DIRECT_OBJC_ISA_USAGE = YES_ERROR;
				CLANG_WARN_DOCUMENTATION_COMMENTS = YES;
				CLANG_WARN_EMPTY_BODY = YES;
				CLANG_WARN_ENUM_CONVERSION = YES;
				CLANG_WARN_INFINITE_RECURSION = YES;
				CLANG_WARN_INT_CONVERSION = YES;
				CLANG_WARN_OBJC_ROOT_CLASS = YES_ERROR;
				CLANG_WARN_SUSPICIOUS_MOVES = YES;
				CLANG_WARN_UNREACHABLE_CODE = YES;
				CLANG_WARN__DUPLICATE_METHOD_MATCH = YES;
				"CODE_SIGN_IDENTITY[sdk=iphoneos*]" = "iPhone Developer";
				COPY_PHASE_STRIP = NO;
				DEBUG_INFORMATION_FORMAT = dwarf;
				ENABLE_STRICT_OBJC_MSGSEND = YES;
				ENABLE_TESTABILITY = YES;
				GCC_C_LANGUAGE_STANDARD = gnu99;
				GCC_DYNAMIC_NO_PIC = NO;
				GCC_NO_COMMON_BLOCKS = YES;
				GCC_OPTIMIZATION_LEVEL = 0;
				GCC_PREPROCESSOR_DEFINITIONS = (
					"DEBUG=1",
					"$(inherited)",
				);
				GCC_WARN_64_TO_32_BIT_CONVERSION = YES;
				GCC_WARN_ABOUT_RETURN_TYPE = YES_ERROR;
				GCC_WARN_UNDECLARED_SELECTOR = YES;
				GCC_WARN_UNINITIALIZED_AUTOS = YES_AGGRESSIVE;
				GCC_WARN_UNUSED_FUNCTION = YES;
				GCC_WARN_UNUSED_VARIABLE = YES;
				IPHONEOS_DEPLOYMENT_TARGET = 10.0;
				MTL_ENABLE_DEBUG_INFO = YES;
				ONLY_ACTIVE_ARCH = YES;
				SDKROOT = iphoneos;
			};
			name = Debug;
		};
		A4CCEA201DBE358000455AB3 /* Release */ = {
			isa = XCBuildConfiguration;
			buildSettings = {
				ALWAYS_SEARCH_USER_PATHS = NO;
				CLANG_ANALYZER_NONNULL = YES;
				CLANG_CXX_LANGUAGE_STANDARD = "gnu++0x";
				CLANG_CXX_LIBRARY = "libc++";
				CLANG_ENABLE_MODULES = YES;
				CLANG_ENABLE_OBJC_ARC = YES;
				CLANG_WARN_BOOL_CONVERSION = YES;
				CLANG_WARN_CONSTANT_CONVERSION = YES;
				CLANG_WARN_DIRECT_OBJC_ISA_USAGE = YES_ERROR;
				CLANG_WARN_DOCUMENTATION_COMMENTS = YES;
				CLANG_WARN_EMPTY_BODY = YES;
				CLANG_WARN_ENUM_CONVERSION = YES;
				CLANG_WARN_INFINITE_RECURSION = YES;
				CLANG_WARN_INT_CONVERSION = YES;
				CLANG_WARN_OBJC_ROOT_CLASS = YES_ERROR;
				CLANG_WARN_SUSPICIOUS_MOVES = YES;
				CLANG_WARN_UNREACHABLE_CODE = YES;
				CLANG_WARN__DUPLICATE_METHOD_MATCH = YES;
				"CODE_SIGN_IDENTITY[sdk=iphoneos*]" = "iPhone Developer";
				COPY_PHASE_STRIP = NO;
				DEBUG_INFORMATION_FORMAT = "dwarf-with-dsym";
				ENABLE_NS_ASSERTIONS = NO;
				ENABLE_STRICT_OBJC_MSGSEND = YES;
				GCC_C_LANGUAGE_STANDARD = gnu99;
				GCC_NO_COMMON_BLOCKS = YES;
				GCC_WARN_64_TO_32_BIT_CONVERSION = YES;
				GCC_WARN_ABOUT_RETURN_TYPE = YES_ERROR;
				GCC_WARN_UNDECLARED_SELECTOR = YES;
				GCC_WARN_UNINITIALIZED_AUTOS = YES_AGGRESSIVE;
				GCC_WARN_UNUSED_FUNCTION = YES;
				GCC_WARN_UNUSED_VARIABLE = YES;
				IPHONEOS_DEPLOYMENT_TARGET = 10.0;
				MTL_ENABLE_DEBUG_INFO = NO;
				SDKROOT = iphoneos;
				VALIDATE_PRODUCT = YES;
			};
			name = Release;
		};
		A4CCEA221DBE358000455AB3 /* Debug */ = {
			isa = XCBuildConfiguration;
			baseConfigurationReference = F66A6144FA0E2442D12FD5EF /* Pods-OC-Demo.debug.xcconfig */;
			buildSettings = {
				ASSETCATALOG_COMPILER_APPICON_NAME = AppIcon;
				DEVELOPMENT_TEAM = VL34PGJVJV;
				INFOPLIST_FILE = "OC-Demo/Info.plist";
				LD_RUNPATH_SEARCH_PATHS = "$(inherited) @executable_path/Frameworks";
				PRODUCT_BUNDLE_IDENTIFIER = "com.sun.OC-Demo";
				PRODUCT_NAME = "$(TARGET_NAME)";
			};
			name = Debug;
		};
		A4CCEA231DBE358000455AB3 /* Release */ = {
			isa = XCBuildConfiguration;
			baseConfigurationReference = BB2BCE955344F83BB819ED34 /* Pods-OC-Demo.release.xcconfig */;
			buildSettings = {
				ASSETCATALOG_COMPILER_APPICON_NAME = AppIcon;
				DEVELOPMENT_TEAM = VL34PGJVJV;
				INFOPLIST_FILE = "OC-Demo/Info.plist";
				LD_RUNPATH_SEARCH_PATHS = "$(inherited) @executable_path/Frameworks";
				PRODUCT_BUNDLE_IDENTIFIER = "com.sun.OC-Demo";
				PRODUCT_NAME = "$(TARGET_NAME)";
			};
			name = Release;
		};
		A4CCEA251DBE358000455AB3 /* Debug */ = {
			isa = XCBuildConfiguration;
			baseConfigurationReference = 88FB97E89000A9893F076F19 /* Pods-OC-DemoTests.debug.xcconfig */;
			buildSettings = {
				BUNDLE_LOADER = "$(TEST_HOST)";
				DEVELOPMENT_TEAM = VL34PGJVJV;
				INFOPLIST_FILE = "OC-DemoTests/Info.plist";
				LD_RUNPATH_SEARCH_PATHS = "$(inherited) @executable_path/Frameworks @loader_path/Frameworks";
				PRODUCT_BUNDLE_IDENTIFIER = "com.sun.OC-DemoTests";
				PRODUCT_NAME = "$(TARGET_NAME)";
				TEST_HOST = "$(BUILT_PRODUCTS_DIR)/OC-Demo.app/OC-Demo";
			};
			name = Debug;
		};
		A4CCEA261DBE358000455AB3 /* Release */ = {
			isa = XCBuildConfiguration;
			baseConfigurationReference = 3DBE70F89BAF503D5E689AEA /* Pods-OC-DemoTests.release.xcconfig */;
			buildSettings = {
				BUNDLE_LOADER = "$(TEST_HOST)";
				DEVELOPMENT_TEAM = VL34PGJVJV;
				INFOPLIST_FILE = "OC-DemoTests/Info.plist";
				LD_RUNPATH_SEARCH_PATHS = "$(inherited) @executable_path/Frameworks @loader_path/Frameworks";
				PRODUCT_BUNDLE_IDENTIFIER = "com.sun.OC-DemoTests";
				PRODUCT_NAME = "$(TARGET_NAME)";
				TEST_HOST = "$(BUILT_PRODUCTS_DIR)/OC-Demo.app/OC-Demo";
			};
			name = Release;
		};
		A4CCEA281DBE358000455AB3 /* Debug */ = {
			isa = XCBuildConfiguration;
			baseConfigurationReference = B3FF965719BDF30F4531DBDD /* Pods-OC-DemoUITests.debug.xcconfig */;
			buildSettings = {
				DEVELOPMENT_TEAM = VL34PGJVJV;
				INFOPLIST_FILE = "OC-DemoUITests/Info.plist";
				LD_RUNPATH_SEARCH_PATHS = "$(inherited) @executable_path/Frameworks @loader_path/Frameworks";
				PRODUCT_BUNDLE_IDENTIFIER = "com.sun.OC-DemoUITests";
				PRODUCT_NAME = "$(TARGET_NAME)";
				TEST_TARGET_NAME = "OC-Demo";
			};
			name = Debug;
		};
		A4CCEA291DBE358000455AB3 /* Release */ = {
			isa = XCBuildConfiguration;
			baseConfigurationReference = CE6D677555BFB51ACC5D1287 /* Pods-OC-DemoUITests.release.xcconfig */;
			buildSettings = {
				DEVELOPMENT_TEAM = VL34PGJVJV;
				INFOPLIST_FILE = "OC-DemoUITests/Info.plist";
				LD_RUNPATH_SEARCH_PATHS = "$(inherited) @executable_path/Frameworks @loader_path/Frameworks";
				PRODUCT_BUNDLE_IDENTIFIER = "com.sun.OC-DemoUITests";
				PRODUCT_NAME = "$(TARGET_NAME)";
				TEST_TARGET_NAME = "OC-Demo";
			};
			name = Release;
		};
/* End XCBuildConfiguration section */

/* Begin XCConfigurationList section */
		A4CCE9EF1DBE358000455AB3 /* Build configuration list for PBXProject "OC-Demo" */ = {
			isa = XCConfigurationList;
			buildConfigurations = (
				A4CCEA1F1DBE358000455AB3 /* Debug */,
				A4CCEA201DBE358000455AB3 /* Release */,
			);
			defaultConfigurationIsVisible = 0;
			defaultConfigurationName = Release;
		};
		A4CCEA211DBE358000455AB3 /* Build configuration list for PBXNativeTarget "OC-Demo" */ = {
			isa = XCConfigurationList;
			buildConfigurations = (
				A4CCEA221DBE358000455AB3 /* Debug */,
				A4CCEA231DBE358000455AB3 /* Release */,
			);
			defaultConfigurationIsVisible = 0;
			defaultConfigurationName = Release;
		};
		A4CCEA241DBE358000455AB3 /* Build configuration list for PBXNativeTarget "OC-DemoTests" */ = {
			isa = XCConfigurationList;
			buildConfigurations = (
				A4CCEA251DBE358000455AB3 /* Debug */,
				A4CCEA261DBE358000455AB3 /* Release */,
			);
			defaultConfigurationIsVisible = 0;
			defaultConfigurationName = Release;
		};
		A4CCEA271DBE358000455AB3 /* Build configuration list for PBXNativeTarget "OC-DemoUITests" */ = {
			isa = XCConfigurationList;
			buildConfigurations = (
				A4CCEA281DBE358000455AB3 /* Debug */,
				A4CCEA291DBE358000455AB3 /* Release */,
			);
			defaultConfigurationIsVisible = 0;
			defaultConfigurationName = Release;
		};
/* End XCConfigurationList section */
	};
	rootObject = A4CCE9EC1DBE358000455AB3 /* Project object */;
}
